
Microsoft Visual Studio Solution File, Format Version 12.00
# Visual Studio Version 16
VisualStudioVersion = 16.0.29728.190
MinimumVisualStudioVersion = 10.0.40219.1
Project("{FAE04EC0-301F-11D3-BF4B-00C04F79EFBC}") = "Vet Clinic Console App", "Vet Clinic Console App.csproj", "{5E4F12AC-DE43-4004-8CF5-B43012FFA395}"
EndProject
Global
	GlobalSection(SolutionConfigurationPlatforms) = preSolution
		Debug|Any CPU = Debug|Any CPU
		Release|Any CPU = Release|Any CPU
	EndGlobalSection
	GlobalSection(ProjectConfigurationPlatforms) = postSolution
		{5E4F12AC-DE43-4004-8CF5-B43012FFA395}.Debug|Any CPU.ActiveCfg = Debug|Any CPU
		{5E4F12AC-DE43-4004-8CF5-B43012FFA395}.Debug|Any CPU.Build.0 = Debug|Any CPU
		{5E4F12AC-DE43-4004-8CF5-B43012FFA395}.Release|Any CPU.ActiveCfg = Release|Any CPU
		{5E4F12AC-DE43-4004-8CF5-B43012FFA395}.Release|Any CPU.Build.0 = Release|Any CPU
	EndGlobalSection
	GlobalSection(SolutionProperties) = preSolution
		HideSolutionNode = FALSE
	EndGlobalSection
	GlobalSection(ExtensibilityGlobals) = postSolution
		SolutionGuid = {BBAB2026-7C41-40BF-A537-7ED70BAD6439}
	EndGlobalSection
EndGlobal
